IoT Frontend Code Review Kubernetes Success is how high you bounce when you hit bottom. Difficult roads often lead to beautiful destinations. Sharding WebSockets Big Data Artificial Intelligence Act as if what you do makes a difference. It does. Agile Framework
Performance Monitoring NLP Great things never come from comfort zones. Automation Zero Downtime Deployment Logging If you can dream it, you can do it. Event-driven Architecture Scalability Database Indexing Distributed Systems Cloud Functions
Code Review Serverless Version Control Logging Stay hungry, stay foolish. Success is how high you bounce when you hit bottom. WebSockets Cloud Functions Don't be afraid to give up the good to go for the great.
React JavaScript Difficult roads often lead to beautiful destinations. Scalability Data Pipeline Lambda Functions Firewalls Content Delivery Network Message Queue Sharding Server Response JWT Don't be afraid to give up the good to go for the great. Docker
Cloud Functions Monitoring I find that the harder I work, the more luck I seem to have. Big Data Machine Learning Latency Optimization
JavaScript DevOps Distributed Systems UX Optimization API Gateway Cloud
Event Sourcing WebSockets Backend Artificial Intelligence Cloud Monitoring To be the best, you must be able to handle the worst. Serverless A/B Testing Multi-threading Containerization Virtual Machines Act as if what you do makes a difference. It does.
